
Microsoft Visual Studio Solution File, Format Version 12.00
# Visual Studio Version 17
VisualStudioVersion = 17.10.35027.167
MinimumVisualStudioVersion = 10.0.40219.1
Project("{8BC9CEB8-8B4A-11D0-8D11-00A0C91BC942}") = "FlowManagerV2", "FlowManagerV2.vcxproj", "{3BBC6A85-C140-445A-8E77-C74521F5C2CF}"
EndProject
Global
	GlobalSection(SolutionConfigurationPlatforms) = preSolution
		Debug|x64 = Debug|x64
		Release|x64 = Release|x64
	EndGlobalSection
	GlobalSection(ProjectConfigurationPlatforms) = postSolution
		{3BBC6A85-C140-445A-8E77-C74521F5C2CF}.Debug|x64.ActiveCfg = Debug|x64
		{3BBC6A85-C140-445A-8E77-C74521F5C2CF}.Debug|x64.Build.0 = Debug|x64
		{3BBC6A85-C140-445A-8E77-C74521F5C2CF}.Release|x64.ActiveCfg = Release|x64
		{3BBC6A85-C140-445A-8E77-C74521F5C2CF}.Release|x64.Build.0 = Release|x64
	EndGlobalSection
	GlobalSection(SolutionProperties) = preSolution
		HideSolutionNode = FALSE
	EndGlobalSection
	GlobalSection(ExtensibilityGlobals) = postSolution
		SolutionGuid = {9BC707A2-E3C4-4D62-BC95-0CFA2DF8F100}
	EndGlobalSection
EndGlobal
