<?xml version="1.0" encoding="utf-8"?>
<Project ToolsVersion="4.0" xmlns="http://schemas.microsoft.com/developer/msbuild/2003">
  <ItemGroup>
    <Filter Include="Source Files">
      <UniqueIdentifier>{4FC737F1-C7A5-4376-A066-2A32D752A2FF}</UniqueIdentifier>
      <Extensions>qml;cpp;c;cc;cxx;def;odl;idl;hpj;bat;asm;asmx</Extensions>
    </Filter>
    <Filter Include="Header Files">
      <UniqueIdentifier>{93995380-89BD-4b04-88EB-625FBE52EBFB}</UniqueIdentifier>
      <Extensions>h;hh;hpp;hxx;hm;inl;inc;xsd</Extensions>
    </Filter>
    <Filter Include="Resource Files">
      <UniqueIdentifier>{67DA6AB6-F800-4c08-8B7A-83BB121AAD01}</UniqueIdentifier>
      <Extensions>qrc;rc;ico;cur;bmp;dlg;rc2;rct;bin;rgs;gif;jpg;jpeg;jpe;resx;tiff;tif;png;wav;mfcribbon-ms</Extensions>
    </Filter>
    <Filter Include="Form Files">
      <UniqueIdentifier>{99349809-55BA-4b9d-BF79-8FDBB0286EB3}</UniqueIdentifier>
      <Extensions>ui</Extensions>
    </Filter>
    <Filter Include="Translation Files">
      <UniqueIdentifier>{639EADAA-A684-42e4-A9AD-28FC9BCB8F7C}</UniqueIdentifier>
      <Extensions>ts</Extensions>
    </Filter>
  </ItemGroup>
  <ItemGroup>
    <QtRcc Include="FlowManager.qrc">
      <Filter>Resource Files</Filter>
    </QtRcc>
    <QtUic Include="FlowManager.ui">
      <Filter>Form Files</Filter>
    </QtUic>
    <QtMoc Include="FlowManager.h">
      <Filter>Header Files</Filter>
    </QtMoc>
    <ClCompile Include="FlowManager.cpp">
      <Filter>Source Files</Filter>
    </ClCompile>
  </ItemGroup>
  <ItemGroup>
    <ClCompile Include="main.cpp">
      <Filter>Source Files</Filter>
    </ClCompile>
    <ClCompile Include="scr\SettingsLoader.cpp">
      <Filter>Source Files</Filter>
    </ClCompile>
  </ItemGroup>
  <ItemGroup>
    <ClInclude Include="ui_FlowManager.h">
      <Filter>Header Files</Filter>
    </ClInclude>
    <ClInclude Include="FlowManager\NameDataLoader.h">
      <Filter>Header Files</Filter>
    </ClInclude>
    <ClInclude Include="FlowManager\SettingsLoader.h">
      <Filter>Header Files</Filter>
    </ClInclude>
    <ClInclude Include="FlowManager\Color.h">
      <Filter>Header Files</Filter>
    </ClInclude>
  </ItemGroup>
  <ItemGroup>
    <Text Include="Resources\2601.txt" />
    <Text Include="Resources\2602.txt" />
    <Text Include="Resources\2603.txt" />
    <Text Include="Resources\2604.txt" />
    <Text Include="Resources\2605.txt" />
    <Text Include="Resources\2606.txt" />
    <Text Include="Resources\2607.txt" />
    <Text Include="Resources\2608.txt" />
    <Text Include="Resources\2609.txt" />
    <Text Include="Resources\2610.txt" />
    <Text Include="Resources\2611.txt" />
    <Text Include="Resources\2612.txt" />
    <Text Include="Resources\2613.txt" />
    <Text Include="Resources\2614.txt" />
  </ItemGroup>
  <ItemGroup>
    <None Include="Resources\2601.yaml" />
    <None Include=".gitattributes" />
    <None Include=".gitignore" />
    <None Include="Config\DstBotton.yaml" />
    <None Include="Config\config.yaml" />
    <None Include="Config\stateName.yaml" />
  </ItemGroup>
</Project>